
Microsoft Visual Studio Solution File, Format Version 12.00
# Visual Studio Version 16
VisualStudioVersion = 16.0.30611.23
MinimumVisualStudioVersion = 10.0.40219.1
Project("{FAE04EC0-301F-11D3-BF4B-00C04F79EFBC}") = "Lesson1", "PoP 2020\Lesson1.csproj", "{2F348873-766C-4074-99D0-7FC0339E51A6}"
EndProject
Project("{FAE04EC0-301F-11D3-BF4B-00C04F79EFBC}") = "Lesson 2 . task 1,2", "Lesson 2 . task 1,2\Lesson 2 . task 1,2.csproj", "{4C54DAC7-895C-4808-9E74-4CCA83DB1A41}"
EndProject
Project("{FAE04EC0-301F-11D3-BF4B-00C04F79EFBC}") = "Homework Pop", "Homework Pop\Homework Pop.csproj", "{3CB0F0C0-F966-4F2B-9783-277F399B2355}"
EndProject
Project("{FAE04EC0-301F-11D3-BF4B-00C04F79EFBC}") = "Lesson 3", "Lesson 3\Lesson 3.csproj", "{ACA58E91-FCF7-4AA7-90EB-392C649F2455}"
EndProject
Project("{FAE04EC0-301F-11D3-BF4B-00C04F79EFBC}") = "Lesson 4", "Lesson 4\Lesson 4.csproj", "{638FB745-0C96-4FCE-B281-1DE030A1E0D4}"
EndProject
Global
	GlobalSection(SolutionConfigurationPlatforms) = preSolution
		Debug|Any CPU = Debug|Any CPU
		Release|Any CPU = Release|Any CPU
	EndGlobalSection
	GlobalSection(ProjectConfigurationPlatforms) = postSolution
		{2F348873-766C-4074-99D0-7FC0339E51A6}.Debug|Any CPU.ActiveCfg = Debug|Any CPU
		{2F348873-766C-4074-99D0-7FC0339E51A6}.Debug|Any CPU.Build.0 = Debug|Any CPU
		{2F348873-766C-4074-99D0-7FC0339E51A6}.Release|Any CPU.ActiveCfg = Release|Any CPU
		{2F348873-766C-4074-99D0-7FC0339E51A6}.Release|Any CPU.Build.0 = Release|Any CPU
		{4C54DAC7-895C-4808-9E74-4CCA83DB1A41}.Debug|Any CPU.ActiveCfg = Debug|Any CPU
		{4C54DAC7-895C-4808-9E74-4CCA83DB1A41}.Debug|Any CPU.Build.0 = Debug|Any CPU
		{4C54DAC7-895C-4808-9E74-4CCA83DB1A41}.Release|Any CPU.ActiveCfg = Release|Any CPU
		{4C54DAC7-895C-4808-9E74-4CCA83DB1A41}.Release|Any CPU.Build.0 = Release|Any CPU
		{3CB0F0C0-F966-4F2B-9783-277F399B2355}.Debug|Any CPU.ActiveCfg = Debug|Any CPU
		{3CB0F0C0-F966-4F2B-9783-277F399B2355}.Debug|Any CPU.Build.0 = Debug|Any CPU
		{3CB0F0C0-F966-4F2B-9783-277F399B2355}.Release|Any CPU.ActiveCfg = Release|Any CPU
		{3CB0F0C0-F966-4F2B-9783-277F399B2355}.Release|Any CPU.Build.0 = Release|Any CPU
		{ACA58E91-FCF7-4AA7-90EB-392C649F2455}.Debug|Any CPU.ActiveCfg = Debug|Any CPU
		{ACA58E91-FCF7-4AA7-90EB-392C649F2455}.Debug|Any CPU.Build.0 = Debug|Any CPU
		{ACA58E91-FCF7-4AA7-90EB-392C649F2455}.Release|Any CPU.ActiveCfg = Release|Any CPU
		{ACA58E91-FCF7-4AA7-90EB-392C649F2455}.Release|Any CPU.Build.0 = Release|Any CPU
		{638FB745-0C96-4FCE-B281-1DE030A1E0D4}.Debug|Any CPU.ActiveCfg = Debug|Any CPU
		{638FB745-0C96-4FCE-B281-1DE030A1E0D4}.Debug|Any CPU.Build.0 = Debug|Any CPU
		{638FB745-0C96-4FCE-B281-1DE030A1E0D4}.Release|Any CPU.ActiveCfg = Release|Any CPU
		{638FB745-0C96-4FCE-B281-1DE030A1E0D4}.Release|Any CPU.Build.0 = Release|Any CPU
	EndGlobalSection
	GlobalSection(SolutionProperties) = preSolution
		HideSolutionNode = FALSE
	EndGlobalSection
	GlobalSection(ExtensibilityGlobals) = postSolution
		SolutionGuid = {9C6D815B-CF81-485D-96B4-2FEABC8AA2EE}
	EndGlobalSection
EndGlobal
